
Microsoft Visual Studio Solution File, Format Version 12.00
# Visual Studio Version 16
VisualStudioVersion = 16.0.31005.135
MinimumVisualStudioVersion = 10.0.40219.1
Project("{8BC9CEB8-8B4A-11D0-8D11-00A0C91BC942}") = "complexNumbers", "complexNumbers\complexNumbers.vcxproj", "{69D0BCB7-56C3-40B0-8C3B-ECBCD239FAC9}"
EndProject
Project("{8BC9CEB8-8B4A-11D0-8D11-00A0C91BC942}") = "complexNumbers_tests", "complexNumbers_tests\complexNumbers_tests.vcxproj", "{DAA4AE6C-92D7-4686-A579-09A312B4D048}"
EndProject
Global
	GlobalSection(SolutionConfigurationPlatforms) = preSolution
		Debug|x64 = Debug|x64
		Debug|x86 = Debug|x86
		Release|x64 = Release|x64
		Release|x86 = Release|x86
	EndGlobalSection
	GlobalSection(ProjectConfigurationPlatforms) = postSolution
		{69D0BCB7-56C3-40B0-8C3B-ECBCD239FAC9}.Debug|x64.ActiveCfg = Debug|x64
		{69D0BCB7-56C3-40B0-8C3B-ECBCD239FAC9}.Debug|x64.Build.0 = Debug|x64
		{69D0BCB7-56C3-40B0-8C3B-ECBCD239FAC9}.Debug|x86.ActiveCfg = Debug|Win32
		{69D0BCB7-56C3-40B0-8C3B-ECBCD239FAC9}.Debug|x86.Build.0 = Debug|Win32
		{69D0BCB7-56C3-40B0-8C3B-ECBCD239FAC9}.Release|x64.ActiveCfg = Release|x64
		{69D0BCB7-56C3-40B0-8C3B-ECBCD239FAC9}.Release|x64.Build.0 = Release|x64
		{69D0BCB7-56C3-40B0-8C3B-ECBCD239FAC9}.Release|x86.ActiveCfg = Release|Win32
		{69D0BCB7-56C3-40B0-8C3B-ECBCD239FAC9}.Release|x86.Build.0 = Release|Win32
		{DAA4AE6C-92D7-4686-A579-09A312B4D048}.Debug|x64.ActiveCfg = Debug|x64
		{DAA4AE6C-92D7-4686-A579-09A312B4D048}.Debug|x64.Build.0 = Debug|x64
		{DAA4AE6C-92D7-4686-A579-09A312B4D048}.Debug|x86.ActiveCfg = Debug|Win32
		{DAA4AE6C-92D7-4686-A579-09A312B4D048}.Debug|x86.Build.0 = Debug|Win32
		{DAA4AE6C-92D7-4686-A579-09A312B4D048}.Release|x64.ActiveCfg = Release|x64
		{DAA4AE6C-92D7-4686-A579-09A312B4D048}.Release|x64.Build.0 = Release|x64
		{DAA4AE6C-92D7-4686-A579-09A312B4D048}.Release|x86.ActiveCfg = Release|Win32
		{DAA4AE6C-92D7-4686-A579-09A312B4D048}.Release|x86.Build.0 = Release|Win32
	EndGlobalSection
	GlobalSection(SolutionProperties) = preSolution
		HideSolutionNode = FALSE
	EndGlobalSection
	GlobalSection(ExtensibilityGlobals) = postSolution
		SolutionGuid = {65022EF7-9361-4725-8ED8-A81113A21036}
	EndGlobalSection
EndGlobal
